// !$*UTF8*$!
{
	archiveVersion = 1;
	classes = {
	};
	objectVersion = 77;
	objects = {

/* Begin PBXContainerItemProxy section */
		A1CB99C02DFB299500686AE1 /* PBXContainerItemProxy */ = {
			isa = PBXContainerItemProxy;
			containerPortal = A1CB99AA2DFB299400686AE1 /* Project object */;
			proxyType = 1;
			remoteGlobalIDString = A1CB99B12DFB299400686AE1;
			remoteInfo = FuckAppleLaunchpad;
		};
		A1CB99CA2DFB299500686AE1 /* PBXContainerItemProxy */ = {
			isa = PBXContainerItemProxy;
			containerPortal = A1CB99AA2DFB299400686AE1 /* Project object */;
			proxyType = 1;
			remoteGlobalIDString = A1CB99B12DFB299400686AE1;
			remoteInfo = FuckAppleLaunchpad;
		};
/* End PBXContainerItemProxy section */

/* Begin PBXFileReference section */
		A1CB99B22DFB299400686AE1 /* FuckAppleLaunchpad.app */ = {isa = PBXFileReference; explicitFileType = wrapper.application; includeInIndex = 0; path = FuckAppleLaunchpad.app; sourceTree = BUILT_PRODUCTS_DIR; };
		A1CB99BF2DFB299500686AE1 /* FuckAppleLaunchpadTests.xctest */ = {isa = PBXFileReference; explicitFileType = wrapper.cfbundle; includeInIndex = 0; path = FuckAppleLaunchpadTests.xctest; sourceTree = BUILT_PRODUCTS_DIR; };
		A1CB99C92DFB299500686AE1 /* FuckAppleLaunchpadUITests.xctest */ = {isa = PBXFileReference; explicitFileType = wrapper.cfbundle; includeInIndex = 0; path = FuckAppleLaunchpadUITests.xctest; sourceTree = BUILT_PRODUCTS_DIR; };
/* End PBXFileReference section */

/* Begin PBXFileSystemSynchronizedRootGroup section */
		A1CB99B42DFB299400686AE1 /* FuckAppleLaunchpad */ = {
			isa = PBXFileSystemSynchronizedRootGroup;
			path = FuckAppleLaunchpad;
			sourceTree = "<group>";
		};
		A1CB99C22DFB299500686AE1 /* FuckAppleLaunchpadTests */ = {
			isa = PBXFileSystemSynchronizedRootGroup;
			path = FuckAppleLaunchpadTests;
			sourceTree = "<group>";
		};
		A1CB99CC2DFB299500686AE1 /* FuckAppleLaunchpadUITests */ = {
			isa = PBXFileSystemSynchronizedRootGroup;
			path = FuckAppleLaunchpadUITests;
			sourceTree = "<group>";
		};
/* End PBXFileSystemSynchronizedRootGroup section */

/* Begin PBXFrameworksBuildPhase section */
		A1CB99AF2DFB299400686AE1 /* Frameworks */ = {
			isa = PBXFrameworksBuildPhase;
			buildActionMask = 2147483647;
			files = (
			);
			runOnlyForDeploymentPostprocessing = 0;
		};
		A1CB99BC2DFB299500686AE1 /* Frameworks */ = {
			isa = PBXFrameworksBuildPhase;
			buildActionMask = 2147483647;
			files = (
			);
			runOnlyForDeploymentPostprocessing = 0;
		};
		A1CB99C62DFB299500686AE1 /* Frameworks */ = {
			isa = PBXFrameworksBuildPhase;
			buildActionMask = 2147483647;
			files = (
			);
			runOnlyForDeploymentPostprocessing = 0;
		};
/* End PBXFrameworksBuildPhase section */

/* Begin PBXGroup section */
		A1CB99A92DFB299400686AE1 = {
			isa = PBXGroup;
			children = (
				A1CB99B42DFB299400686AE1 /* FuckAppleLaunchpad */,
				A1CB99C22DFB299500686AE1 /* FuckAppleLaunchpadTests */,
				A1CB99CC2DFB299500686AE1 /* FuckAppleLaunchpadUITests */,
				A1CB99B32DFB299400686AE1 /* Products */,
			);
			sourceTree = "<group>";
		};
		A1CB99B32DFB299400686AE1 /* Products */ = {
			isa = PBXGroup;
			children = (
				A1CB99B22DFB299400686AE1 /* FuckAppleLaunchpad.app */,
				A1CB99BF2DFB299500686AE1 /* FuckAppleLaunchpadTests.xctest */,
				A1CB99C92DFB299500686AE1 /* FuckAppleLaunchpadUITests.xctest */,
			);
			name = Products;
			sourceTree = "<group>";
		};
/* End PBXGroup section */

/* Begin PBXNativeTarget section */
		A1CB99B12DFB299400686AE1 /* FuckAppleLaunchpad */ = {
			isa = PBXNativeTarget;
			buildConfigurationList = A1CB99D32DFB299500686AE1 /* Build configuration list for PBXNativeTarget "FuckAppleLaunchpad" */;
			buildPhases = (
				A1CB99AE2DFB299400686AE1 /* Sources */,
				A1CB99AF2DFB299400686AE1 /* Frameworks */,
				A1CB99B02DFB299400686AE1 /* Resources */,
			);
			buildRules = (
			);
			dependencies = (
			);
			fileSystemSynchronizedGroups = (
				A1CB99B42DFB299400686AE1 /* FuckAppleLaunchpad */,
			);
			name = FuckAppleLaunchpad;
			packageProductDependencies = (
			);
			productName = FuckAppleLaunchpad;
			productReference = A1CB99B22DFB299400686AE1 /* FuckAppleLaunchpad.app */;
			productType = "com.apple.product-type.application";
		};
		A1CB99BE2DFB299500686AE1 /* FuckAppleLaunchpadTests */ = {
			isa = PBXNativeTarget;
			buildConfigurationList = A1CB99D62DFB299500686AE1 /* Build configuration list for PBXNativeTarget "FuckAppleLaunchpadTests" */;
			buildPhases = (
				A1CB99BB2DFB299500686AE1 /* Sources */,
				A1CB99BC2DFB299500686AE1 /* Frameworks */,
				A1CB99BD2DFB299500686AE1 /* Resources */,
			);
			buildRules = (
			);
			dependencies = (
				A1CB99C12DFB299500686AE1 /* PBXTargetDependency */,
			);
			fileSystemSynchronizedGroups = (
				A1CB99C22DFB299500686AE1 /* FuckAppleLaunchpadTests */,
			);
			name = FuckAppleLaunchpadTests;
			packageProductDependencies = (
			);
			productName = FuckAppleLaunchpadTests;
			productReference = A1CB99BF2DFB299500686AE1 /* FuckAppleLaunchpadTests.xctest */;
			productType = "com.apple.product-type.bundle.unit-test";
		};
		A1CB99C82DFB299500686AE1 /* FuckAppleLaunchpadUITests */ = {
			isa = PBXNativeTarget;
			buildConfigurationList = A1CB99D92DFB299500686AE1 /* Build configuration list for PBXNativeTarget "FuckAppleLaunchpadUITests" */;
			buildPhases = (
				A1CB99C52DFB299500686AE1 /* Sources */,
				A1CB99C62DFB299500686AE1 /* Frameworks */,
				A1CB99C72DFB299500686AE1 /* Resources */,
			);
			buildRules = (
			);
			dependencies = (
				A1CB99CB2DFB299500686AE1 /* PBXTargetDependency */,
			);
			fileSystemSynchronizedGroups = (
				A1CB99CC2DFB299500686AE1 /* FuckAppleLaunchpadUITests */,
			);
			name = FuckAppleLaunchpadUITests;
			packageProductDependencies = (
			);
			productName = FuckAppleLaunchpadUITests;
			productReference = A1CB99C92DFB299500686AE1 /* FuckAppleLaunchpadUITests.xctest */;
			productType = "com.apple.product-type.bundle.ui-testing";
		};
/* End PBXNativeTarget section */

/* Begin PBXProject section */
		A1CB99AA2DFB299400686AE1 /* Project object */ = {
			isa = PBXProject;
			attributes = {
				BuildIndependentTargetsInParallel = 1;
				LastSwiftUpdateCheck = 2600;
				LastUpgradeCheck = 2600;
				TargetAttributes = {
					A1CB99B12DFB299400686AE1 = {
						CreatedOnToolsVersion = 26.0;
					};
					A1CB99BE2DFB299500686AE1 = {
						CreatedOnToolsVersion = 26.0;
						TestTargetID = A1CB99B12DFB299400686AE1;
					};
					A1CB99C82DFB299500686AE1 = {
						CreatedOnToolsVersion = 26.0;
						TestTargetID = A1CB99B12DFB299400686AE1;
					};
				};
			};
			buildConfigurationList = A1CB99AD2DFB299400686AE1 /* Build configuration list for PBXProject "FuckAppleLaunchpad" */;
			developmentRegion = en;
			hasScannedForEncodings = 0;
			knownRegions = (
				en,
				Base,
			);
			mainGroup = A1CB99A92DFB299400686AE1;
			minimizedProjectReferenceProxies = 1;
			preferredProjectObjectVersion = 77;
			productRefGroup = A1CB99B32DFB299400686AE1 /* Products */;
			projectDirPath = "";
			projectRoot = "";
			targets = (
				A1CB99B12DFB299400686AE1 /* FuckAppleLaunchpad */,
				A1CB99BE2DFB299500686AE1 /* FuckAppleLaunchpadTests */,
				A1CB99C82DFB299500686AE1 /* FuckAppleLaunchpadUITests */,
			);
		};
/* End PBXProject section */

/* Begin PBXResourcesBuildPhase section */
		A1CB99B02DFB299400686AE1 /* Resources */ = {
			isa = PBXResourcesBuildPhase;
			buildActionMask = 2147483647;
			files = (
			);
			runOnlyForDeploymentPostprocessing = 0;
		};
		A1CB99BD2DFB299500686AE1 /* Resources */ = {
			isa = PBXResourcesBuildPhase;
			buildActionMask = 2147483647;
			files = (
			);
			runOnlyForDeploymentPostprocessing = 0;
		};
		A1CB99C72DFB299500686AE1 /* Resources */ = {
			isa = PBXResourcesBuildPhase;
			buildActionMask = 2147483647;
			files = (
			);
			runOnlyForDeploymentPostprocessing = 0;
		};
/* End PBXResourcesBuildPhase section */

/* Begin PBXSourcesBuildPhase section */
		A1CB99AE2DFB299400686AE1 /* Sources */ = {
			isa = PBXSourcesBuildPhase;
			buildActionMask = 2147483647;
			files = (
			);
			runOnlyForDeploymentPostprocessing = 0;
		};
		A1CB99BB2DFB299500686AE1 /* Sources */ = {
			isa = PBXSourcesBuildPhase;
			buildActionMask = 2147483647;
			files = (
			);
			runOnlyForDeploymentPostprocessing = 0;
		};
		A1CB99C52DFB299500686AE1 /* Sources */ = {
			isa = PBXSourcesBuildPhase;
			buildActionMask = 2147483647;
			files = (
			);
			runOnlyForDeploymentPostprocessing = 0;
		};
/* End PBXSourcesBuildPhase section */

/* Begin PBXTargetDependency section */
		A1CB99C12DFB299500686AE1 /* PBXTargetDependency */ = {
			isa = PBXTargetDependency;
			target = A1CB99B12DFB299400686AE1 /* FuckAppleLaunchpad */;
			targetProxy = A1CB99C02DFB299500686AE1 /* PBXContainerItemProxy */;
		};
		A1CB99CB2DFB299500686AE1 /* PBXTargetDependency */ = {
			isa = PBXTargetDependency;
			target = A1CB99B12DFB299400686AE1 /* FuckAppleLaunchpad */;
			targetProxy = A1CB99CA2DFB299500686AE1 /* PBXContainerItemProxy */;
		};
/* End PBXTargetDependency section */

/* Begin XCBuildConfiguration section */
		A1CB99D12DFB299500686AE1 /* Debug */ = {
			isa = XCBuildConfiguration;
			buildSettings = {
				ALWAYS_SEARCH_USER_PATHS = NO;
				ASSETCATALOG_COMPILER_GENERATE_SWIFT_ASSET_SYMBOL_EXTENSIONS = YES;
				CLANG_ANALYZER_NONNULL = YES;
				CLANG_ANALYZER_NUMBER_OBJECT_CONVERSION = YES_AGGRESSIVE;
				CLANG_CXX_LANGUAGE_STANDARD = "gnu++20";
				CLANG_ENABLE_MODULES = YES;
				CLANG_ENABLE_OBJC_ARC = YES;
				CLANG_ENABLE_OBJC_WEAK = YES;
				CLANG_WARN_BLOCK_CAPTURE_AUTORELEASING = YES;
				CLANG_WARN_BOOL_CONVERSION = YES;
				CLANG_WARN_COMMA = YES;
				CLANG_WARN_CONSTANT_CONVERSION = YES;
				CLANG_WARN_DEPRECATED_OBJC_IMPLEMENTATIONS = YES;
				CLANG_WARN_DIRECT_OBJC_ISA_USAGE = YES_ERROR;
				CLANG_WARN_DOCUMENTATION_COMMENTS = YES;
				CLANG_WARN_EMPTY_BODY = YES;
				CLANG_WARN_ENUM_CONVERSION = YES;
				CLANG_WARN_INFINITE_RECURSION = YES;
				CLANG_WARN_INT_CONVERSION = YES;
				CLANG_WARN_NON_LITERAL_NULL_CONVERSION = YES;
				CLANG_WARN_OBJC_IMPLICIT_RETAIN_SELF = YES;
				CLANG_WARN_OBJC_LITERAL_CONVERSION = YES;
				CLANG_WARN_OBJC_ROOT_CLASS = YES_ERROR;
				CLANG_WARN_QUOTED_INCLUDE_IN_FRAMEWORK_HEADER = YES;
				CLANG_WARN_RANGE_LOOP_ANALYSIS = YES;
				CLANG_WARN_STRICT_PROTOTYPES = YES;
				CLANG_WARN_SUSPICIOUS_MOVE = YES;
				CLANG_WARN_UNGUARDED_AVAILABILITY = YES_AGGRESSIVE;
				CLANG_WARN_UNREACHABLE_CODE = YES;
				CLANG_WARN__DUPLICATE_METHOD_MATCH = YES;
				COPY_PHASE_STRIP = NO;
				DEBUG_INFORMATION_FORMAT = dwarf;
				DEVELOPMENT_TEAM = 92A277ZDK2;
				ENABLE_STRICT_OBJC_MSGSEND = YES;
				ENABLE_TESTABILITY = YES;
				ENABLE_USER_SCRIPT_SANDBOXING = YES;
				GCC_C_LANGUAGE_STANDARD = gnu17;
				GCC_DYNAMIC_NO_PIC = NO;
				GCC_NO_COMMON_BLOCKS = YES;
				GCC_OPTIMIZATION_LEVEL = 0;
				GCC_PREPROCESSOR_DEFINITIONS = (
					"DEBUG=1",
					"$(inherited)",
				);
				GCC_WARN_64_TO_32_BIT_CONVERSION = YES;
				GCC_WARN_ABOUT_RETURN_TYPE = YES_ERROR;
				GCC_WARN_UNDECLARED_SELECTOR = YES;
				GCC_WARN_UNINITIALIZED_AUTOS = YES_AGGRESSIVE;
				GCC_WARN_UNUSED_FUNCTION = YES;
				GCC_WARN_UNUSED_VARIABLE = YES;
				LOCALIZATION_PREFERS_STRING_CATALOGS = YES;
				MACOSX_DEPLOYMENT_TARGET = 26.0;
				MTL_ENABLE_DEBUG_INFO = INCLUDE_SOURCE;
				MTL_FAST_MATH = YES;
				ONLY_ACTIVE_ARCH = YES;
				SDKROOT = macosx;
				SWIFT_ACTIVE_COMPILATION_CONDITIONS = "DEBUG $(inherited)";
				SWIFT_OPTIMIZATION_LEVEL = "-Onone";
			};
			name = Debug;
		};
		A1CB99D22DFB299500686AE1 /* Release */ = {
			isa = XCBuildConfiguration;
			buildSettings = {
				ALWAYS_SEARCH_USER_PATHS = NO;
				ASSETCATALOG_COMPILER_GENERATE_SWIFT_ASSET_SYMBOL_EXTENSIONS = YES;
				CLANG_ANALYZER_NONNULL = YES;
				CLANG_ANALYZER_NUMBER_OBJECT_CONVERSION = YES_AGGRESSIVE;
				CLANG_CXX_LANGUAGE_STANDARD = "gnu++20";
				CLANG_ENABLE_MODULES = YES;
				CLANG_ENABLE_OBJC_ARC = YES;
				CLANG_ENABLE_OBJC_WEAK = YES;
				CLANG_WARN_BLOCK_CAPTURE_AUTORELEASING = YES;
				CLANG_WARN_BOOL_CONVERSION = YES;
				CLANG_WARN_COMMA = YES;
				CLANG_WARN_CONSTANT_CONVERSION = YES;
				CLANG_WARN_DEPRECATED_OBJC_IMPLEMENTATIONS = YES;
				CLANG_WARN_DIRECT_OBJC_ISA_USAGE = YES_ERROR;
				CLANG_WARN_DOCUMENTATION_COMMENTS = YES;
				CLANG_WARN_EMPTY_BODY = YES;
				CLANG_WARN_ENUM_CONVERSION = YES;
				CLANG_WARN_INFINITE_RECURSION = YES;
				CLANG_WARN_INT_CONVERSION = YES;
				CLANG_WARN_NON_LITERAL_NULL_CONVERSION = YES;
				CLANG_WARN_OBJC_IMPLICIT_RETAIN_SELF = YES;
				CLANG_WARN_OBJC_LITERAL_CONVERSION = YES;
				CLANG_WARN_OBJC_ROOT_CLASS = YES_ERROR;
				CLANG_WARN_QUOTED_INCLUDE_IN_FRAMEWORK_HEADER = YES;
				CLANG_WARN_RANGE_LOOP_ANALYSIS = YES;
				CLANG_WARN_STRICT_PROTOTYPES = YES;
				CLANG_WARN_SUSPICIOUS_MOVE = YES;
				CLANG_WARN_UNGUARDED_AVAILABILITY = YES_AGGRESSIVE;
				CLANG_WARN_UNREACHABLE_CODE = YES;
				CLANG_WARN__DUPLICATE_METHOD_MATCH = YES;
				COPY_PHASE_STRIP = NO;
				DEBUG_INFORMATION_FORMAT = "dwarf-with-dsym";
				DEVELOPMENT_TEAM = 92A277ZDK2;
				ENABLE_NS_ASSERTIONS = NO;
				ENABLE_STRICT_OBJC_MSGSEND = YES;
				ENABLE_USER_SCRIPT_SANDBOXING = YES;
				GCC_C_LANGUAGE_STANDARD = gnu17;
				GCC_NO_COMMON_BLOCKS = YES;
				GCC_WARN_64_TO_32_BIT_CONVERSION = YES;
				GCC_WARN_ABOUT_RETURN_TYPE = YES_ERROR;
				GCC_WARN_UNDECLARED_SELECTOR = YES;
				GCC_WARN_UNINITIALIZED_AUTOS = YES_AGGRESSIVE;
				GCC_WARN_UNUSED_FUNCTION = YES;
				GCC_WARN_UNUSED_VARIABLE = YES;
				LOCALIZATION_PREFERS_STRING_CATALOGS = YES;
				MACOSX_DEPLOYMENT_TARGET = 26.0;
				MTL_ENABLE_DEBUG_INFO = NO;
				MTL_FAST_MATH = YES;
				SDKROOT = macosx;
				SWIFT_COMPILATION_MODE = wholemodule;
			};
			name = Release;
		};
		A1CB99D42DFB299500686AE1 /* Debug */ = {
			isa = XCBuildConfiguration;
			buildSettings = {
				ASSETCATALOG_COMPILER_APPICON_NAME = AppIcon;
				ASSETCATALOG_COMPILER_GLOBAL_ACCENT_COLOR_NAME = AccentColor;
				CODE_SIGN_STYLE = Automatic;
				COMBINE_HIDPI_IMAGES = YES;
				CURRENT_PROJECT_VERSION = 2;
				DEVELOPMENT_TEAM = 92A277ZDK2;
				ENABLE_APP_SANDBOX = YES;
				ENABLE_HARDENED_RUNTIME = YES;
				ENABLE_PREVIEWS = YES;
				ENABLE_USER_SELECTED_FILES = readonly;
				GENERATE_INFOPLIST_FILE = YES;
				INFOPLIST_KEY_CFBundleDisplayName = Apps;
				INFOPLIST_KEY_LSApplicationCategoryType = "public.app-category.utilities";
				INFOPLIST_KEY_NSHumanReadableCopyright = "";
				LD_RUNPATH_SEARCH_PATHS = (
					"$(inherited)",
					"@executable_path/../Frameworks",
				);
				MACOSX_DEPLOYMENT_TARGET = 26.0;
				MARKETING_VERSION = 1.0.0;
				PRODUCT_BUNDLE_IDENTIFIER = com.apple.apps.launcher;
				PRODUCT_NAME = "$(TARGET_NAME)";
				REGISTER_APP_GROUPS = YES;
				STRING_CATALOG_GENERATE_SYMBOLS = YES;
				SWIFT_DEFAULT_ACTOR_ISOLATION = MainActor;
				SWIFT_EMIT_LOC_STRINGS = YES;
				SWIFT_UPCOMING_FEATURE_MEMBER_IMPORT_VISIBILITY = YES;
				SWIFT_VERSION = 6.0;
			};
			name = Debug;
		};
		A1CB99D52DFB299500686AE1 /* Release */ = {
			isa = XCBuildConfiguration;
			buildSettings = {
				ASSETCATALOG_COMPILER_APPICON_NAME = AppIcon;
				ASSETCATALOG_COMPILER_GLOBAL_ACCENT_COLOR_NAME = AccentColor;
				CODE_SIGN_STYLE = Automatic;
				COMBINE_HIDPI_IMAGES = YES;
				CURRENT_PROJECT_VERSION = 2;
				DEVELOPMENT_TEAM = 92A277ZDK2;
				ENABLE_APP_SANDBOX = YES;
				ENABLE_HARDENED_RUNTIME = YES;
				ENABLE_PREVIEWS = YES;
				ENABLE_USER_SELECTED_FILES = readonly;
				GENERATE_INFOPLIST_FILE = YES;
				INFOPLIST_KEY_CFBundleDisplayName = Apps;
				INFOPLIST_KEY_LSApplicationCategoryType = "public.app-category.utilities";
				INFOPLIST_KEY_NSHumanReadableCopyright = "";
				LD_RUNPATH_SEARCH_PATHS = (
					"$(inherited)",
					"@executable_path/../Frameworks",
				);
				MACOSX_DEPLOYMENT_TARGET = 26.0;
				MARKETING_VERSION = 1.0.0;
				PRODUCT_BUNDLE_IDENTIFIER = com.apple.apps.launcher;
				PRODUCT_NAME = "$(TARGET_NAME)";
				REGISTER_APP_GROUPS = YES;
				STRING_CATALOG_GENERATE_SYMBOLS = YES;
				SWIFT_DEFAULT_ACTOR_ISOLATION = MainActor;
				SWIFT_EMIT_LOC_STRINGS = YES;
				SWIFT_UPCOMING_FEATURE_MEMBER_IMPORT_VISIBILITY = YES;
				SWIFT_VERSION = 6.0;
			};
			name = Release;
		};
		A1CB99D72DFB299500686AE1 /* Debug */ = {
			isa = XCBuildConfiguration;
			buildSettings = {
				BUNDLE_LOADER = "$(TEST_HOST)";
				CODE_SIGN_STYLE = Automatic;
				CURRENT_PROJECT_VERSION = 1;
				DEVELOPMENT_TEAM = 92A277ZDK2;
				GENERATE_INFOPLIST_FILE = YES;
				MACOSX_DEPLOYMENT_TARGET = 26.0;
				MARKETING_VERSION = 1.0;
				PRODUCT_BUNDLE_IDENTIFIER = com.davinci.FuckAppleLaunchpadTests;
				PRODUCT_NAME = "$(TARGET_NAME)";
				STRING_CATALOG_GENERATE_SYMBOLS = NO;
				SWIFT_EMIT_LOC_STRINGS = NO;
				SWIFT_UPCOMING_FEATURE_MEMBER_IMPORT_VISIBILITY = YES;
				SWIFT_VERSION = 5.0;
				TEST_HOST = "$(BUILT_PRODUCTS_DIR)/FuckAppleLaunchpad.app/$(BUNDLE_EXECUTABLE_FOLDER_PATH)/FuckAppleLaunchpad";
			};
			name = Debug;
		};
		A1CB99D82DFB299500686AE1 /* Release */ = {
			isa = XCBuildConfiguration;
			buildSettings = {
				BUNDLE_LOADER = "$(TEST_HOST)";
				CODE_SIGN_STYLE = Automatic;
				CURRENT_PROJECT_VERSION = 1;
				DEVELOPMENT_TEAM = 92A277ZDK2;
				GENERATE_INFOPLIST_FILE = YES;
				MACOSX_DEPLOYMENT_TARGET = 26.0;
				MARKETING_VERSION = 1.0;
				PRODUCT_BUNDLE_IDENTIFIER = com.davinci.FuckAppleLaunchpadTests;
				PRODUCT_NAME = "$(TARGET_NAME)";
				STRING_CATALOG_GENERATE_SYMBOLS = NO;
				SWIFT_EMIT_LOC_STRINGS = NO;
				SWIFT_UPCOMING_FEATURE_MEMBER_IMPORT_VISIBILITY = YES;
				SWIFT_VERSION = 5.0;
				TEST_HOST = "$(BUILT_PRODUCTS_DIR)/FuckAppleLaunchpad.app/$(BUNDLE_EXECUTABLE_FOLDER_PATH)/FuckAppleLaunchpad";
			};
			name = Release;
		};
		A1CB99DA2DFB299500686AE1 /* Debug */ = {
			isa = XCBuildConfiguration;
			buildSettings = {
				CODE_SIGN_STYLE = Automatic;
				CURRENT_PROJECT_VERSION = 1;
				DEVELOPMENT_TEAM = 92A277ZDK2;
				GENERATE_INFOPLIST_FILE = YES;
				MARKETING_VERSION = 1.0;
				PRODUCT_BUNDLE_IDENTIFIER = com.davinci.FuckAppleLaunchpadUITests;
				PRODUCT_NAME = "$(TARGET_NAME)";
				STRING_CATALOG_GENERATE_SYMBOLS = NO;
				SWIFT_EMIT_LOC_STRINGS = NO;
				SWIFT_UPCOMING_FEATURE_MEMBER_IMPORT_VISIBILITY = YES;
				SWIFT_VERSION = 5.0;
				TEST_TARGET_NAME = FuckAppleLaunchpad;
			};
			name = Debug;
		};
		A1CB99DB2DFB299500686AE1 /* Release */ = {
			isa = XCBuildConfiguration;
			buildSettings = {
				CODE_SIGN_STYLE = Automatic;
				CURRENT_PROJECT_VERSION = 1;
				DEVELOPMENT_TEAM = 92A277ZDK2;
				GENERATE_INFOPLIST_FILE = YES;
				MARKETING_VERSION = 1.0;
				PRODUCT_BUNDLE_IDENTIFIER = com.davinci.FuckAppleLaunchpadUITests;
				PRODUCT_NAME = "$(TARGET_NAME)";
				STRING_CATALOG_GENERATE_SYMBOLS = NO;
				SWIFT_EMIT_LOC_STRINGS = NO;
				SWIFT_UPCOMING_FEATURE_MEMBER_IMPORT_VISIBILITY = YES;
				SWIFT_VERSION = 5.0;
				TEST_TARGET_NAME = FuckAppleLaunchpad;
			};
			name = Release;
		};
/* End XCBuildConfiguration section */

/* Begin XCConfigurationList section */
		A1CB99AD2DFB299400686AE1 /* Build configuration list for PBXProject "FuckAppleLaunchpad" */ = {
			isa = XCConfigurationList;
			buildConfigurations = (
				A1CB99D12DFB299500686AE1 /* Debug */,
				A1CB99D22DFB299500686AE1 /* Release */,
			);
			defaultConfigurationIsVisible = 0;
			defaultConfigurationName = Release;
		};
		A1CB99D32DFB299500686AE1 /* Build configuration list for PBXNativeTarget "FuckAppleLaunchpad" */ = {
			isa = XCConfigurationList;
			buildConfigurations = (
				A1CB99D42DFB299500686AE1 /* Debug */,
				A1CB99D52DFB299500686AE1 /* Release */,
			);
			defaultConfigurationIsVisible = 0;
			defaultConfigurationName = Release;
		};
		A1CB99D62DFB299500686AE1 /* Build configuration list for PBXNativeTarget "FuckAppleLaunchpadTests" */ = {
			isa = XCConfigurationList;
			buildConfigurations = (
				A1CB99D72DFB299500686AE1 /* Debug */,
				A1CB99D82DFB299500686AE1 /* Release */,
			);
			defaultConfigurationIsVisible = 0;
			defaultConfigurationName = Release;
		};
		A1CB99D92DFB299500686AE1 /* Build configuration list for PBXNativeTarget "FuckAppleLaunchpadUITests" */ = {
			isa = XCConfigurationList;
			buildConfigurations = (
				A1CB99DA2DFB299500686AE1 /* Debug */,
				A1CB99DB2DFB299500686AE1 /* Release */,
			);
			defaultConfigurationIsVisible = 0;
			defaultConfigurationName = Release;
		};
/* End XCConfigurationList section */
	};
	rootObject = A1CB99AA2DFB299400686AE1 /* Project object */;
}
